{
  "version": "5",
  "specifiers": {
    "jsr:@hono/hono@^4.11.0": "4.11.0",
    "jsr:@std/cli@^1.0.24": "1.0.24",
    "jsr:@std/collections@^1.1.3": "1.1.3",
    "jsr:@std/crypto@^1.0.5": "1.0.5",
    "jsr:@std/internal@^1.0.12": "1.0.12",
    "jsr:@std/random@~0.1.4": "0.1.4",
    "jsr:@std/toml@*": "1.0.11",
    "jsr:@std/toml@^1.0.5": "1.0.11",
    "npm:@types/node@*": "24.2.0",
    "npm:node-thermal-printer@*": "4.5.0"
  },
  "jsr": {
    "@hono/hono@4.11.0": {
      "integrity": "c697b6a2b07591081b8119bc8e946aa5c33b14d4b9a8208b02f3037cda5c7d9d"
    },
    "@std/cli@1.0.24": {
      "integrity": "b655a5beb26aa94f98add6bc8889f5fb9bc3ee2cc3fc954e151201f4c4200a5e",
      "dependencies": [
        "jsr:@std/internal"
      ]
    },
    "@std/collections@1.1.3": {
      "integrity": "bf8b0818886df6a32b64c7d3b037a425111f28278d69fd0995aeb62777c986b0"
    },
    "@std/crypto@1.0.5": {
      "integrity": "0dcfbb319fe0bba1bd3af904ceb4f948cde1b92979ec1614528380ed308a3b40"
    },
    "@std/internal@1.0.12": {
      "integrity": "972a634fd5bc34b242024402972cd5143eac68d8dffaca5eaa4dba30ce17b027"
    },
    "@std/random@0.1.4": {
      "integrity": "91407b5c30d63b6570e5d7be8b341bf5941c55d5c6d6b9569a220b63ae03e2d9"
    },
    "@std/toml@1.0.11": {
      "integrity": "e084988b872ca4bad6aedfb7350f6eeed0e8ba88e9ee5e1590621c5b5bb8f715",
      "dependencies": [
        "jsr:@std/collections"
      ]
    }
  },
  "npm": {
    "@types/node@24.2.0": {
      "integrity": "sha512-3xyG3pMCq3oYCNg7/ZP+E1ooTaGB4cG8JWRsqqOYQdbWNY4zbaV0Ennrd7stjiJEFZCaybcIgpTjJWHRfBSIDw==",
      "dependencies": [
        "undici-types"
      ]
    },
    "dank-do-while@0.1.2": {
      "integrity": "sha512-pyMrgXfugjvdernLCcXNixYqGijUZzYxrb+hAeED2EBpNbctCCxdA/O6NIQXn6vIjwzY1IMmV29d2Y6vaayrwQ=="
    },
    "iconv-lite@0.6.3": {
      "integrity": "sha512-4fCk79wshMdzMp2rH06qWrJE4iolqLhCUH+OiuIgU++RB0+94NlDL81atO7GX55uUKueo0txHNtvEyI6D7WdMw==",
      "dependencies": [
        "safer-buffer"
      ]
    },
    "node-thermal-printer@4.5.0": {
      "integrity": "sha512-HJVyfq9Lr5+t1rDXlz9AgeNEqK1xsRzK5bP3DGmx60QVe5pmihrD18tyuM9xx4Eq5HqmQKyEqAK09Z4+9gyAcg==",
      "dependencies": [
        "iconv-lite",
        "pngjs",
        "unorm",
        "write-file-queue"
      ]
    },
    "pngjs@7.0.0": {
      "integrity": "sha512-LKWqWJRhstyYo9pGvgor/ivk2w94eSjE3RGVuzLGlr3NmD8bf7RcYGze1mNdEHRP6TRP6rMuDHk5t44hnTRyow=="
    },
    "safer-buffer@2.1.2": {
      "integrity": "sha512-YZo3K82SD7Riyi0E1EQPojLz7kpepnSQI9IyPbHHg1XXXevb5dJI7tpyN2ADxGcQbHG7vcyRHk0cbwqcQriUtg=="
    },
    "undici-types@7.10.0": {
      "integrity": "sha512-t5Fy/nfn+14LuOc2KNYg75vZqClpAiqscVvMygNnlsHBFpSXdJaYtXMcdNLpl/Qvc3P2cB3s6lOV51nqsFq4ag=="
    },
    "unorm@1.6.0": {
      "integrity": "sha512-b2/KCUlYZUeA7JFUuRJZPUtr4gZvBh7tavtv4fvk4+KV9pfGiR6CQAQAWl49ZpR3ts2dk4FYkP7EIgDJoiOLDA=="
    },
    "write-file-queue@0.0.1": {
      "integrity": "sha512-uUInKYzJjhvZ5UJA27tsqbw6s9EEpwe6r4mdpN95t2E4aKzJEJbZg2EvIleTGaja+xtZYx376Jd2WWu5LEQP0w==",
      "dependencies": [
        "dank-do-while"
      ]
    }
  },
  "workspace": {
    "dependencies": [
      "jsr:@hono/hono@^4.11.0",
      "jsr:@std/cli@^1.0.24",
      "jsr:@std/crypto@^1.0.5",
      "jsr:@std/random@~0.1.4",
      "jsr:@std/toml@^1.0.5"
    ]
  }
}
